
Microsoft Visual Studio Solution File, Format Version 12.00
# Visual Studio Version 17
VisualStudioVersion = 17.13.35828.75 d17.13
MinimumVisualStudioVersion = 10.0.40219.1
Project("{FAE04EC0-301F-11D3-BF4B-00C04F79EFBC}") = "AppWebFinanzasP", "AppWebFinanzasP\AppWebFinanzasP.csproj", "{8940D255-CE5B-4A03-AA84-43AB15E33482}"
EndProject
Global
	GlobalSection(SolutionConfigurationPlatforms) = preSolution
		Debug|Any CPU = Debug|Any CPU
		Release|Any CPU = Release|Any CPU
	EndGlobalSection
	GlobalSection(ProjectConfigurationPlatforms) = postSolution
		{8940D255-CE5B-4A03-AA84-43AB15E33482}.Debug|Any CPU.ActiveCfg = Debug|Any CPU
		{8940D255-CE5B-4A03-AA84-43AB15E33482}.Debug|Any CPU.Build.0 = Debug|Any CPU
		{8940D255-CE5B-4A03-AA84-43AB15E33482}.Release|Any CPU.ActiveCfg = Release|Any CPU
		{8940D255-CE5B-4A03-AA84-43AB15E33482}.Release|Any CPU.Build.0 = Release|Any CPU
	EndGlobalSection
	GlobalSection(SolutionProperties) = preSolution
		HideSolutionNode = FALSE
	EndGlobalSection
	GlobalSection(ExtensibilityGlobals) = postSolution
		SolutionGuid = {10957EE1-0D2D-4048-8C9B-5C0BD73081EB}
	EndGlobalSection
EndGlobal
